{
  "nodes": {
    "flake-compat": {
      "flake": false,
      "locked": {
        "lastModified": 1673956053,
        "narHash": "sha256-4gtG9iQuiKITOjNQQeQIpoIB6b16fm+504Ch3sNKLd8=",
        "owner": "edolstra",
        "repo": "flake-compat",
        "rev": "35bb57c0c8d8b62bbfd284272c928ceb64ddbde9",
        "type": "github"
      },
      "original": {
        "owner": "edolstra",
        "repo": "flake-compat",
        "type": "github"
      }
    },
    "flake-utils": {
      "inputs": {
        "systems": "systems"
      },
      "locked": {
        "lastModified": 1681202837,
        "narHash": "sha256-H+Rh19JDwRtpVPAWp64F+rlEtxUWBAQW28eAi3SRSzg=",
        "owner": "numtide",
        "repo": "flake-utils",
        "rev": "cfacdce06f30d2b68473a46042957675eebb3401",
        "type": "github"
      },
      "original": {
        "owner": "numtide",
        "repo": "flake-utils",
        "type": "github"
      }
    },
    "nixpkgs": {
      "locked": {
        "lastModified": 1684936879,
        "narHash": "sha256-BOSq/QiX7MDs8tUnAt4+nYTJctgYkzVSNL95qlfMYeM=",
        "owner": "nixos",
        "repo": "nixpkgs",
        "rev": "99fe1b870522d6ee3e692c2b6e663d6868a3fde4",
        "type": "github"
      },
      "original": {
        "owner": "nixos",
        "ref": "nixos-22.11",
        "repo": "nixpkgs",
        "type": "github"
      }
    },
    "root": {
      "inputs": {
        "flake-compat": "flake-compat",
        "flake-utils": "flake-utils",
        "nixpkgs": "nixpkgs",
        "telescope-fzf-native.nvim": "telescope-fzf-native.nvim",
        "vim:Comment.nvim": "vim:Comment.nvim",
        "vim:cmp-buffer": "vim:cmp-buffer",
        "vim:cmp-cmdline": "vim:cmp-cmdline",
        "vim:cmp-emoji": "vim:cmp-emoji",
        "vim:cmp-git": "vim:cmp-git",
        "vim:cmp-nvim-lsp": "vim:cmp-nvim-lsp",
        "vim:cmp-nvim-lsp-signature-help": "vim:cmp-nvim-lsp-signature-help",
        "vim:cmp-path": "vim:cmp-path",
        "vim:cmp-vsnip": "vim:cmp-vsnip",
        "vim:gitsigns.nvim": "vim:gitsigns.nvim",
        "vim:lsp-status.nvim": "vim:lsp-status.nvim",
        "vim:lspkind-nvim": "vim:lspkind-nvim",
        "vim:lspsaga.nvim": "vim:lspsaga.nvim",
        "vim:mini.nvim": "vim:mini.nvim",
        "vim:neodev.nvim": "vim:neodev.nvim",
        "vim:null-ls.nvim": "vim:null-ls.nvim",
        "vim:nvim-autopairs": "vim:nvim-autopairs",
        "vim:nvim-cmp": "vim:nvim-cmp",
        "vim:nvim-colorizer.lua": "vim:nvim-colorizer.lua",
        "vim:nvim-dap": "vim:nvim-dap",
        "vim:nvim-dap-go": "vim:nvim-dap-go",
        "vim:nvim-dap-python": "vim:nvim-dap-python",
        "vim:nvim-dap-ui": "vim:nvim-dap-ui",
        "vim:nvim-dap-virtual-text": "vim:nvim-dap-virtual-text",
        "vim:nvim-lspconfig": "vim:nvim-lspconfig",
        "vim:nvim-neoclip.lua": "vim:nvim-neoclip.lua",
        "vim:nvim-ts-rainbow": "vim:nvim-ts-rainbow",
        "vim:nvim-web-devicons": "vim:nvim-web-devicons",
        "vim:octo.nvim": "vim:octo.nvim",
        "vim:plenary.nvim": "vim:plenary.nvim",
        "vim:rust-tools.nvim": "vim:rust-tools.nvim",
        "vim:schemastore.nvim": "vim:schemastore.nvim",
        "vim:sqlite.lua": "vim:sqlite.lua",
        "vim:telescope-dap.nvim": "vim:telescope-dap.nvim",
        "vim:telescope-ui-select.nvim": "vim:telescope-ui-select.nvim",
        "vim:telescope.nvim": "vim:telescope.nvim",
        "vim:todo-comments.nvim": "vim:todo-comments.nvim",
        "vim:tokyonight.nvim": "vim:tokyonight.nvim",
        "vim:trouble.nvim": "vim:trouble.nvim",
        "vim:vim-cooklang": "vim:vim-cooklang",
        "vim:vim-plist": "vim:vim-plist",
        "vim:vim-polyglot": "vim:vim-polyglot",
        "vim:vim-vsnip": "vim:vim-vsnip"
      }
    },
    "systems": {
      "locked": {
        "lastModified": 1681028828,
        "narHash": "sha256-Vy1rq5AaRuLzOxct8nz4T6wlgyUR7zLU309k9mBC768=",
        "owner": "nix-systems",
        "repo": "default",
        "rev": "da67096a3b9bf56a91d16901293e51ba5b49a27e",
        "type": "github"
      },
      "original": {
        "owner": "nix-systems",
        "repo": "default",
        "type": "github"
      }
    },
    "telescope-fzf-native.nvim": {
      "flake": false,
      "locked": {
        "lastModified": 1685009822,
        "narHash": "sha256-en1SBdM1ZLQNa2hCDnQwaZsFUfQ334z2X664aUwftjw=",
        "owner": "nvim-telescope",
        "repo": "telescope-fzf-native.nvim",
        "rev": "9bc8237565ded606e6c366a71c64c0af25cd7a50",
        "type": "github"
      },
      "original": {
        "owner": "nvim-telescope",
        "repo": "telescope-fzf-native.nvim",
        "type": "github"
      }
    },
    "vim:Comment.nvim": {
      "flake": false,
      "locked": {
        "lastModified": 1683091103,
        "narHash": "sha256-CMHkf+0T5FRMcqD6zGFo5IHrgT0xbZXe1UgOs+b1148=",
        "owner": "numToStr",
        "repo": "Comment.nvim",
        "rev": "e1fe53117aab24c378d5e6deaad786789c360123",
        "type": "github"
      },
      "original": {
        "owner": "numToStr",
        "repo": "Comment.nvim",
        "type": "github"
      }
    },
    "vim:cmp-buffer": {
      "flake": false,
      "locked": {
        "lastModified": 1660101488,
        "narHash": "sha256-dG4U7MtnXThoa/PD+qFtCt76MQ14V1wX8GMYcvxEnbM=",
        "owner": "hrsh7th",
        "repo": "cmp-buffer",
        "rev": "3022dbc9166796b644a841a02de8dd1cc1d311fa",
        "type": "github"
      },
      "original": {
        "owner": "hrsh7th",
        "repo": "cmp-buffer",
        "type": "github"
      }
    },
    "vim:cmp-cmdline": {
      "flake": false,
      "locked": {
        "lastModified": 1682340614,
        "narHash": "sha256-s3T4fQt9RbtnIhmaeFsFb+8X0fARVke0oITFLVfrtws=",
        "owner": "hrsh7th",
        "repo": "cmp-cmdline",
        "rev": "5af1bb7d722ef8a96658f01d6eb219c4cf746b32",
        "type": "github"
      },
      "original": {
        "owner": "hrsh7th",
        "repo": "cmp-cmdline",
        "type": "github"
      }
    },
    "vim:cmp-emoji": {
      "flake": false,
      "locked": {
        "lastModified": 1632834658,
        "narHash": "sha256-zc5GNkwdVHaeEoCer9tz40F2Xc8qTzPw6NbgkMjjWQI=",
        "owner": "hrsh7th",
        "repo": "cmp-emoji",
        "rev": "19075c36d5820253d32e2478b6aaf3734aeaafa0",
        "type": "github"
      },
      "original": {
        "owner": "hrsh7th",
        "repo": "cmp-emoji",
        "type": "github"
      }
    },
    "vim:cmp-git": {
      "flake": false,
      "locked": {
        "lastModified": 1685086896,
        "narHash": "sha256-Jj/h0RZM6mBc+Qk/BME05haJjImj9ON7Lbyr2+ajrpk=",
        "owner": "petertriho",
        "repo": "cmp-git",
        "rev": "7b292e120ef0f31586908fddfa2e7626f6dcbf98",
        "type": "github"
      },
      "original": {
        "owner": "petertriho",
        "repo": "cmp-git",
        "type": "github"
      }
    },
    "vim:cmp-nvim-lsp": {
      "flake": false,
      "locked": {
        "lastModified": 1675708067,
        "narHash": "sha256-DxpcPTBlvVP88PDoTheLV2fC76EXDqS2UpM5mAfj/D4=",
        "owner": "hrsh7th",
        "repo": "cmp-nvim-lsp",
        "rev": "0e6b2ed705ddcff9738ec4ea838141654f12eeef",
        "type": "github"
      },
      "original": {
        "owner": "hrsh7th",
        "repo": "cmp-nvim-lsp",
        "type": "github"
      }
    },
    "vim:cmp-nvim-lsp-signature-help": {
      "flake": false,
      "locked": {
        "lastModified": 1675422985,
        "narHash": "sha256-yDxYvjTIeXIKYR3tg+bf+okXKr5JYc/I9obP+6uKey4=",
        "owner": "hrsh7th",
        "repo": "cmp-nvim-lsp-signature-help",
        "rev": "3d8912ebeb56e5ae08ef0906e3a54de1c66b92f1",
        "type": "github"
      },
      "original": {
        "owner": "hrsh7th",
        "repo": "cmp-nvim-lsp-signature-help",
        "type": "github"
      }
    },
    "vim:cmp-path": {
      "flake": false,
      "locked": {
        "lastModified": 1664784283,
        "narHash": "sha256-thppiiV3wjIaZnAXmsh7j3DUc6ceSCvGzviwFUnoPaI=",
        "owner": "hrsh7th",
        "repo": "cmp-path",
        "rev": "91ff86cd9c29299a64f968ebb45846c485725f23",
        "type": "github"
      },
      "original": {
        "owner": "hrsh7th",
        "repo": "cmp-path",
        "type": "github"
      }
    },
    "vim:cmp-vsnip": {
      "flake": false,
      "locked": {
        "lastModified": 1669100283,
        "narHash": "sha256-2mkN03noOr5vBvRbSb35xZKorSH+8savQNZtgM9+QcM=",
        "owner": "hrsh7th",
        "repo": "cmp-vsnip",
        "rev": "989a8a73c44e926199bfd05fa7a516d51f2d2752",
        "type": "github"
      },
      "original": {
        "owner": "hrsh7th",
        "repo": "cmp-vsnip",
        "type": "github"
      }
    },
    "vim:gitsigns.nvim": {
      "flake": false,
      "locked": {
        "lastModified": 1685027359,
        "narHash": "sha256-R7ayrNWGJLKYAOg+P/On9i8nk7GQpY28N2mFb/yped0=",
        "owner": "lewis6991",
        "repo": "gitsigns.nvim",
        "rev": "f868d82a36f7f7f5e110eb0a9659993984f59875",
        "type": "github"
      },
      "original": {
        "owner": "lewis6991",
        "repo": "gitsigns.nvim",
        "type": "github"
      }
    },
    "vim:lsp-status.nvim": {
      "flake": false,
      "locked": {
        "lastModified": 1659485921,
        "narHash": "sha256-gmLeVnDyL8Zf5ZG92tP3mb/LAt438BxFtAi/Xax2zLI=",
        "owner": "nvim-lua",
        "repo": "lsp-status.nvim",
        "rev": "54f48eb5017632d81d0fd40112065f1d062d0629",
        "type": "github"
      },
      "original": {
        "owner": "nvim-lua",
        "repo": "lsp-status.nvim",
        "type": "github"
      }
    },
    "vim:lspkind-nvim": {
      "flake": false,
      "locked": {
        "lastModified": 1683275543,
        "narHash": "sha256-S+qZm51hw/cRujIfHV/1x1fYyCKI4XQ0utSL8uy4l6I=",
        "owner": "onsails",
        "repo": "lspkind-nvim",
        "rev": "57610d5ab560c073c465d6faf0c19f200cb67e6e",
        "type": "github"
      },
      "original": {
        "owner": "onsails",
        "repo": "lspkind-nvim",
        "type": "github"
      }
    },
    "vim:lspsaga.nvim": {
      "flake": false,
      "locked": {
        "lastModified": 1684482876,
        "narHash": "sha256-ETT0HPLTA6ZO2C51+YXQ2PTkol61Azzn9FhLhmObrr8=",
        "owner": "glepnir",
        "repo": "lspsaga.nvim",
        "rev": "01b9633aefd010f272d6c7e3d8293c44fcfe7696",
        "type": "github"
      },
      "original": {
        "owner": "glepnir",
        "repo": "lspsaga.nvim",
        "type": "github"
      }
    },
    "vim:mini.nvim": {
      "flake": false,
      "locked": {
        "lastModified": 1685023917,
        "narHash": "sha256-cwL4TMtVo908tK6cNT2tFMw4jHi+wKU6mc4GyXpMkdk=",
        "owner": "echasnovski",
        "repo": "mini.nvim",
        "rev": "a508fc9c737045c5d8d194dcb6e9556c44309bb9",
        "type": "github"
      },
      "original": {
        "owner": "echasnovski",
        "repo": "mini.nvim",
        "type": "github"
      }
    },
    "vim:neodev.nvim": {
      "flake": false,
      "locked": {
        "lastModified": 1684994745,
        "narHash": "sha256-nE6o10ijtopz/YrX7XFp5SXa5lkgrArZTk9f5whK5gQ=",
        "owner": "folke",
        "repo": "neodev.nvim",
        "rev": "ffa5f73f243954afb96fc19a512a24d7b8b0bb63",
        "type": "github"
      },
      "original": {
        "owner": "folke",
        "repo": "neodev.nvim",
        "type": "github"
      }
    },
    "vim:null-ls.nvim": {
      "flake": false,
      "locked": {
        "lastModified": 1684332768,
        "narHash": "sha256-WHGIYU65YlbtdQFQVGzdcjrBQmu6aK0jgXEMTyKzdsA=",
        "owner": "jose-elias-alvarez",
        "repo": "null-ls.nvim",
        "rev": "77e53bc3bac34cc273be8ed9eb9ab78bcf67fa48",
        "type": "github"
      },
      "original": {
        "owner": "jose-elias-alvarez",
        "repo": "null-ls.nvim",
        "type": "github"
      }
    },
    "vim:nvim-autopairs": {
      "flake": false,
      "locked": {
        "lastModified": 1685050619,
        "narHash": "sha256-maSCppPEOFbkEfTYFKLq3M6Dg+fRjnqbCtsyWO9SILA=",
        "owner": "windwp",
        "repo": "nvim-autopairs",
        "rev": "59df87a84c80a357ca8d8fe86e451b93ac476ccc",
        "type": "github"
      },
      "original": {
        "owner": "windwp",
        "repo": "nvim-autopairs",
        "type": "github"
      }
    },
    "vim:nvim-cmp": {
      "flake": false,
      "locked": {
        "lastModified": 1685081763,
        "narHash": "sha256-btGgxyRCmLBl4MQtGJ1E53Ji4fj6foJc7NDRYOstWMo=",
        "owner": "hrsh7th",
        "repo": "nvim-cmp",
        "rev": "a0225043ab823fcad8d0d802e276d9838fb48c30",
        "type": "github"
      },
      "original": {
        "owner": "hrsh7th",
        "repo": "nvim-cmp",
        "type": "github"
      }
    },
    "vim:nvim-colorizer.lua": {
      "flake": false,
      "locked": {
        "lastModified": 1591879145,
        "narHash": "sha256-6YrnItxExL2C8pNIdLd+hXCjsB2MbZANwWkah6dreD8=",
        "owner": "norcalli",
        "repo": "nvim-colorizer.lua",
        "rev": "36c610a9717cc9ec426a07c8e6bf3b3abcb139d6",
        "type": "github"
      },
      "original": {
        "owner": "norcalli",
        "repo": "nvim-colorizer.lua",
        "type": "github"
      }
    },
    "vim:nvim-dap": {
      "flake": false,
      "locked": {
        "lastModified": 1684349720,
        "narHash": "sha256-iY9FJkwLlWu8/WZy3Trgq9cV69ve0lBkfOKwgY+yfok=",
        "owner": "mfussenegger",
        "repo": "nvim-dap",
        "rev": "56118cee6af15cb9ddba9d080880949d8eeb0c9f",
        "type": "github"
      },
      "original": {
        "owner": "mfussenegger",
        "repo": "nvim-dap",
        "type": "github"
      }
    },
    "vim:nvim-dap-go": {
      "flake": false,
      "locked": {
        "lastModified": 1684849022,
        "narHash": "sha256-yTj8nGmsRFovWl9/b7xeoPZDB491bLToSoO3Ru70nEc=",
        "owner": "leoluz",
        "repo": "nvim-dap-go",
        "rev": "cdf604a5703838f65fdee7c198f6cb59b563ef6f",
        "type": "github"
      },
      "original": {
        "owner": "leoluz",
        "repo": "nvim-dap-go",
        "type": "github"
      }
    },
    "vim:nvim-dap-python": {
      "flake": false,
      "locked": {
        "lastModified": 1684859308,
        "narHash": "sha256-wT1OLg4gpKaeqcrSgef/aKmB3+IFPB5fF0OOUtVuyqA=",
        "owner": "mfussenegger",
        "repo": "nvim-dap-python",
        "rev": "37b4cba02e337a95cb62ad1609b3d1dccb2e5d42",
        "type": "github"
      },
      "original": {
        "owner": "mfussenegger",
        "repo": "nvim-dap-python",
        "type": "github"
      }
    },
    "vim:nvim-dap-ui": {
      "flake": false,
      "locked": {
        "lastModified": 1683984880,
        "narHash": "sha256-4V5Ecxl5ap/p0vSGlMMV/7s2N5XgCD69HQhEou/T+qk=",
        "owner": "rcarriga",
        "repo": "nvim-dap-ui",
        "rev": "4ce7b97dd8f50b4f672948a34bf8f3a56214fdb8",
        "type": "github"
      },
      "original": {
        "owner": "rcarriga",
        "repo": "nvim-dap-ui",
        "type": "github"
      }
    },
    "vim:nvim-dap-virtual-text": {
      "flake": false,
      "locked": {
        "lastModified": 1685002194,
        "narHash": "sha256-yzMRudA8Wag881ewzw82uXPzHoxaB6kAapPElKN6G6E=",
        "owner": "theHamsta",
        "repo": "nvim-dap-virtual-text",
        "rev": "57f1dbd0458dd84a286b27768c142e1567f3ce3b",
        "type": "github"
      },
      "original": {
        "owner": "theHamsta",
        "repo": "nvim-dap-virtual-text",
        "type": "github"
      }
    },
    "vim:nvim-lspconfig": {
      "flake": false,
      "locked": {
        "lastModified": 1685099921,
        "narHash": "sha256-wJJrMQ9nVy0A5cCx2J8DHxw6opb1y2NTPI47m4OTfts=",
        "owner": "neovim",
        "repo": "nvim-lspconfig",
        "rev": "1c0644c10638c7bb165bb614b1715107ede07542",
        "type": "github"
      },
      "original": {
        "owner": "neovim",
        "repo": "nvim-lspconfig",
        "type": "github"
      }
    },
    "vim:nvim-neoclip.lua": {
      "flake": false,
      "locked": {
        "lastModified": 1684196333,
        "narHash": "sha256-96AwMgyC7PTDEPS5tXwDT3WfK8jJJuIYGE+q+j6U5Uc=",
        "owner": "AckslD",
        "repo": "nvim-neoclip.lua",
        "rev": "4e406ae0f759262518731538f2585abb9d269bac",
        "type": "github"
      },
      "original": {
        "owner": "AckslD",
        "repo": "nvim-neoclip.lua",
        "type": "github"
      }
    },
    "vim:nvim-ts-rainbow": {
      "flake": false,
      "locked": {
        "lastModified": 1672675794,
        "narHash": "sha256-4RQptdc3ktaj+Vw1Ykr6jD4q1JEsKNyBNUgUEdNDu1E=",
        "owner": "p00f",
        "repo": "nvim-ts-rainbow",
        "rev": "ef95c15a935f97c65a80e48e12fe72d49aacf9b9",
        "type": "github"
      },
      "original": {
        "owner": "p00f",
        "repo": "nvim-ts-rainbow",
        "type": "github"
      }
    },
    "vim:nvim-web-devicons": {
      "flake": false,
      "locked": {
        "lastModified": 1684714932,
        "narHash": "sha256-JGGrIm8wTekB7FnD4jNnEQbmcktbVyTxLyER4VOGWto=",
        "owner": "kyazdani42",
        "repo": "nvim-web-devicons",
        "rev": "e283ab937e0197b37ec5d8013e49495193407324",
        "type": "github"
      },
      "original": {
        "owner": "kyazdani42",
        "repo": "nvim-web-devicons",
        "type": "github"
      }
    },
    "vim:octo.nvim": {
      "flake": false,
      "locked": {
        "lastModified": 1684870639,
        "narHash": "sha256-A6dSmJKSHTTUPVU8lhC6kMrGJA0RRD2CJWSBsRKSjtM=",
        "owner": "pwntester",
        "repo": "octo.nvim",
        "rev": "512876820db1279e6f91530c6ce11187eb141056",
        "type": "github"
      },
      "original": {
        "owner": "pwntester",
        "repo": "octo.nvim",
        "type": "github"
      }
    },
    "vim:plenary.nvim": {
      "flake": false,
      "locked": {
        "lastModified": 1684942084,
        "narHash": "sha256-o83xyCwMhaJtEchbYtZMbIYERPHPZhk2wTPoz/t+RVA=",
        "owner": "nvim-lua",
        "repo": "plenary.nvim",
        "rev": "52544825d6b8be677eb395983515ad5e30ae1f2e",
        "type": "github"
      },
      "original": {
        "owner": "nvim-lua",
        "repo": "plenary.nvim",
        "type": "github"
      }
    },
    "vim:rust-tools.nvim": {
      "flake": false,
      "locked": {
        "lastModified": 1676929960,
        "narHash": "sha256-Cuk/vdoviB9ibt2rrkNRmNFy4S+6czhbExmIjTJRdZM=",
        "owner": "simrat39",
        "repo": "rust-tools.nvim",
        "rev": "71d2cf67b5ed120a0e31b2c8adb210dd2834242f",
        "type": "github"
      },
      "original": {
        "owner": "simrat39",
        "repo": "rust-tools.nvim",
        "type": "github"
      }
    },
    "vim:schemastore.nvim": {
      "flake": false,
      "locked": {
        "lastModified": 1685034056,
        "narHash": "sha256-+c1IR/KgXeucT+CneW+oKdVNLdp5NEL/0Kg1bf5Pzlk=",
        "owner": "b0o",
        "repo": "schemastore.nvim",
        "rev": "2efaef942ce43c7f0cf61cf11b4791fcea01ce19",
        "type": "github"
      },
      "original": {
        "owner": "b0o",
        "repo": "schemastore.nvim",
        "type": "github"
      }
    },
    "vim:sqlite.lua": {
      "flake": false,
      "locked": {
        "lastModified": 1681923697,
        "narHash": "sha256-XElCJGganIIh4T5K5kKZTbVYwVOXCtLF1fdc95NopDc=",
        "owner": "tami5",
        "repo": "sqlite.lua",
        "rev": "b7e28c8463254c46a8e61c52d27d6a2040492fc3",
        "type": "github"
      },
      "original": {
        "owner": "tami5",
        "repo": "sqlite.lua",
        "type": "github"
      }
    },
    "vim:telescope-dap.nvim": {
      "flake": false,
      "locked": {
        "lastModified": 1669979517,
        "narHash": "sha256-9T7O02ieM/If07bSbGcJQFD8oWv2Pg5S+uv2BcardTY=",
        "owner": "nvim-telescope",
        "repo": "telescope-dap.nvim",
        "rev": "313d2ea12ae59a1ca51b62bf01fc941a983d9c9c",
        "type": "github"
      },
      "original": {
        "owner": "nvim-telescope",
        "repo": "telescope-dap.nvim",
        "type": "github"
      }
    },
    "vim:telescope-ui-select.nvim": {
      "flake": false,
      "locked": {
        "lastModified": 1651305900,
        "narHash": "sha256-/JM2KX70JXa3sydrUj13Vd4rRwhn3VrdW7qLLHqIqyY=",
        "owner": "nvim-telescope",
        "repo": "telescope-ui-select.nvim",
        "rev": "62ea5e58c7bbe191297b983a9e7e89420f581369",
        "type": "github"
      },
      "original": {
        "owner": "nvim-telescope",
        "repo": "telescope-ui-select.nvim",
        "type": "github"
      }
    },
    "vim:telescope.nvim": {
      "flake": false,
      "locked": {
        "lastModified": 1684993479,
        "narHash": "sha256-FIAN3NQrD7PhrtCKnlrr//bZ259qcvGogL45nC8tLpw=",
        "owner": "nvim-telescope",
        "repo": "telescope.nvim",
        "rev": "6d3fbffe426794296a77bb0b37b6ae0f4f14f807",
        "type": "github"
      },
      "original": {
        "owner": "nvim-telescope",
        "repo": "telescope.nvim",
        "type": "github"
      }
    },
    "vim:todo-comments.nvim": {
      "flake": false,
      "locked": {
        "lastModified": 1684766073,
        "narHash": "sha256-lHtgGzRk5OpUtlpEEEzIjyvh2DkehlB5x7S79Wzs4Ec=",
        "owner": "folke",
        "repo": "todo-comments.nvim",
        "rev": "09b0b17d824d2d56f02ff15967e8a2499a89c731",
        "type": "github"
      },
      "original": {
        "owner": "folke",
        "repo": "todo-comments.nvim",
        "type": "github"
      }
    },
    "vim:tokyonight.nvim": {
      "flake": false,
      "locked": {
        "lastModified": 1684998481,
        "narHash": "sha256-uXjEcka/JJ+TC+Me204sVY/xTtVbZtCLxhKD3QAwaas=",
        "owner": "folke",
        "repo": "tokyonight.nvim",
        "rev": "90b711c052bb3cd9692922e16bcf3861344ecf75",
        "type": "github"
      },
      "original": {
        "owner": "folke",
        "repo": "tokyonight.nvim",
        "type": "github"
      }
    },
    "vim:trouble.nvim": {
      "flake": false,
      "locked": {
        "lastModified": 1685083769,
        "narHash": "sha256-SybmV5wqIcTYSTCvgE3fHII0dsxyFU8qzXE3adCRYsI=",
        "owner": "folke",
        "repo": "trouble.nvim",
        "rev": "324c977cfeacb8498ca9ba1c74cc35bd18858a8d",
        "type": "github"
      },
      "original": {
        "owner": "folke",
        "repo": "trouble.nvim",
        "type": "github"
      }
    },
    "vim:vim-cooklang": {
      "flake": false,
      "locked": {
        "lastModified": 1635692584,
        "narHash": "sha256-3cppQJ4xo13kML8A0OQqV+p01Wxx3dV94ddjBAkFmp0=",
        "owner": "luizribeiro",
        "repo": "vim-cooklang",
        "rev": "861b7abd74f4606398bb3c7bc8d326f500e1340c",
        "type": "github"
      },
      "original": {
        "owner": "luizribeiro",
        "repo": "vim-cooklang",
        "type": "github"
      }
    },
    "vim:vim-plist": {
      "flake": false,
      "locked": {
        "lastModified": 1648474740,
        "narHash": "sha256-OIMXpX/3YXUsDsguY8/lyG5VXjTKB+k5XPfEFUSybng=",
        "owner": "darfink",
        "repo": "vim-plist",
        "rev": "60e69bec50dfca32f0a62ee2dacdfbe63fd92038",
        "type": "github"
      },
      "original": {
        "owner": "darfink",
        "repo": "vim-plist",
        "type": "github"
      }
    },
    "vim:vim-polyglot": {
      "flake": false,
      "locked": {
        "lastModified": 1665762010,
        "narHash": "sha256-w36n9Oeyac7zxp5sA0J+6A4f8PWtPLlYsmThKXdpNRg=",
        "owner": "sheerun",
        "repo": "vim-polyglot",
        "rev": "bc8a81d3592dab86334f27d1d43c080ebf680d42",
        "type": "github"
      },
      "original": {
        "owner": "sheerun",
        "repo": "vim-polyglot",
        "type": "github"
      }
    },
    "vim:vim-vsnip": {
      "flake": false,
      "locked": {
        "lastModified": 1678609126,
        "narHash": "sha256-ehPnvGle7YrECn76YlSY/2V7Zeq56JGlmZPlwgz2FdE=",
        "owner": "hrsh7th",
        "repo": "vim-vsnip",
        "rev": "7753ba9c10429c29d25abfd11b4c60b76718c438",
        "type": "github"
      },
      "original": {
        "owner": "hrsh7th",
        "repo": "vim-vsnip",
        "type": "github"
      }
    }
  },
  "root": "root",
  "version": 7
}
