{
  "nodes": {
    "flake-compat": {
      "flake": false,
      "locked": {
        "lastModified": 1673956053,
        "narHash": "sha256-4gtG9iQuiKITOjNQQeQIpoIB6b16fm+504Ch3sNKLd8=",
        "owner": "edolstra",
        "repo": "flake-compat",
        "rev": "35bb57c0c8d8b62bbfd284272c928ceb64ddbde9",
        "type": "github"
      },
      "original": {
        "owner": "edolstra",
        "repo": "flake-compat",
        "type": "github"
      }
    },
    "flake-utils": {
      "locked": {
        "lastModified": 1676283394,
        "narHash": "sha256-XX2f9c3iySLCw54rJ/CZs+ZK6IQy7GXNY4nSOyu2QG4=",
        "owner": "numtide",
        "repo": "flake-utils",
        "rev": "3db36a8b464d0c4532ba1c7dda728f4576d6d073",
        "type": "github"
      },
      "original": {
        "owner": "numtide",
        "repo": "flake-utils",
        "type": "github"
      }
    },
    "nixpkgs": {
      "locked": {
        "lastModified": 1678614274,
        "narHash": "sha256-kK9l45n9cQ4mEQeT4NvJ+pK2nwsHhfZGUyRgzI+XFOw=",
        "owner": "nixos",
        "repo": "nixpkgs",
        "rev": "970402e6147c49603f4d06defe44d27fe51884ce",
        "type": "github"
      },
      "original": {
        "owner": "nixos",
        "ref": "nixos-22.11",
        "repo": "nixpkgs",
        "type": "github"
      }
    },
    "root": {
      "inputs": {
        "flake-compat": "flake-compat",
        "flake-utils": "flake-utils",
        "nixpkgs": "nixpkgs",
        "telescope-fzf-native.nvim": "telescope-fzf-native.nvim",
        "vim:Comment.nvim": "vim:Comment.nvim",
        "vim:cmp-buffer": "vim:cmp-buffer",
        "vim:cmp-cmdline": "vim:cmp-cmdline",
        "vim:cmp-emoji": "vim:cmp-emoji",
        "vim:cmp-git": "vim:cmp-git",
        "vim:cmp-nvim-lsp": "vim:cmp-nvim-lsp",
        "vim:cmp-nvim-lsp-signature-help": "vim:cmp-nvim-lsp-signature-help",
        "vim:cmp-path": "vim:cmp-path",
        "vim:cmp-vsnip": "vim:cmp-vsnip",
        "vim:gitsigns.nvim": "vim:gitsigns.nvim",
        "vim:lsp-status.nvim": "vim:lsp-status.nvim",
        "vim:lspkind-nvim": "vim:lspkind-nvim",
        "vim:lspsaga.nvim": "vim:lspsaga.nvim",
        "vim:mini.nvim": "vim:mini.nvim",
        "vim:neodev.nvim": "vim:neodev.nvim",
        "vim:null-ls.nvim": "vim:null-ls.nvim",
        "vim:nvim-autopairs": "vim:nvim-autopairs",
        "vim:nvim-cmp": "vim:nvim-cmp",
        "vim:nvim-colorizer.lua": "vim:nvim-colorizer.lua",
        "vim:nvim-dap": "vim:nvim-dap",
        "vim:nvim-dap-go": "vim:nvim-dap-go",
        "vim:nvim-dap-python": "vim:nvim-dap-python",
        "vim:nvim-dap-ui": "vim:nvim-dap-ui",
        "vim:nvim-dap-virtual-text": "vim:nvim-dap-virtual-text",
        "vim:nvim-lspconfig": "vim:nvim-lspconfig",
        "vim:nvim-neoclip.lua": "vim:nvim-neoclip.lua",
        "vim:nvim-ts-rainbow": "vim:nvim-ts-rainbow",
        "vim:nvim-web-devicons": "vim:nvim-web-devicons",
        "vim:octo.nvim": "vim:octo.nvim",
        "vim:plenary.nvim": "vim:plenary.nvim",
        "vim:rust-tools.nvim": "vim:rust-tools.nvim",
        "vim:schemastore.nvim": "vim:schemastore.nvim",
        "vim:sqlite.lua": "vim:sqlite.lua",
        "vim:telescope-dap.nvim": "vim:telescope-dap.nvim",
        "vim:telescope-ui-select.nvim": "vim:telescope-ui-select.nvim",
        "vim:telescope.nvim": "vim:telescope.nvim",
        "vim:todo-comments.nvim": "vim:todo-comments.nvim",
        "vim:tokyonight.nvim": "vim:tokyonight.nvim",
        "vim:trouble.nvim": "vim:trouble.nvim",
        "vim:vim-cooklang": "vim:vim-cooklang",
        "vim:vim-plist": "vim:vim-plist",
        "vim:vim-polyglot": "vim:vim-polyglot",
        "vim:vim-vsnip": "vim:vim-vsnip"
      }
    },
    "telescope-fzf-native.nvim": {
      "flake": false,
      "locked": {
        "lastModified": 1675591864,
        "narHash": "sha256-psIJkVRHSiyuB1oX3PM4VB6ol3Ag0aYyQN/rJA6xTfo=",
        "owner": "nvim-telescope",
        "repo": "telescope-fzf-native.nvim",
        "rev": "580b6c48651cabb63455e97d7e131ed557b8c7e2",
        "type": "github"
      },
      "original": {
        "owner": "nvim-telescope",
        "repo": "telescope-fzf-native.nvim",
        "type": "github"
      }
    },
    "vim:Comment.nvim": {
      "flake": false,
      "locked": {
        "lastModified": 1678452935,
        "narHash": "sha256-mVJJJ9fUJYgVyGZnW8e6P5QWB0K8nuhTwSWzlBvxv2M=",
        "owner": "numToStr",
        "repo": "Comment.nvim",
        "rev": "8d3aa5c22c2d45e788c7a5fe13ad77368b783c20",
        "type": "github"
      },
      "original": {
        "owner": "numToStr",
        "repo": "Comment.nvim",
        "type": "github"
      }
    },
    "vim:cmp-buffer": {
      "flake": false,
      "locked": {
        "lastModified": 1660101488,
        "narHash": "sha256-dG4U7MtnXThoa/PD+qFtCt76MQ14V1wX8GMYcvxEnbM=",
        "owner": "hrsh7th",
        "repo": "cmp-buffer",
        "rev": "3022dbc9166796b644a841a02de8dd1cc1d311fa",
        "type": "github"
      },
      "original": {
        "owner": "hrsh7th",
        "repo": "cmp-buffer",
        "type": "github"
      }
    },
    "vim:cmp-cmdline": {
      "flake": false,
      "locked": {
        "lastModified": 1676566607,
        "narHash": "sha256-Yz2N7bzpQE4Qt89CAO3LEvBkhtgJR4OPN+734IayEK4=",
        "owner": "hrsh7th",
        "repo": "cmp-cmdline",
        "rev": "8fcc934a52af96120fe26358985c10c035984b53",
        "type": "github"
      },
      "original": {
        "owner": "hrsh7th",
        "repo": "cmp-cmdline",
        "type": "github"
      }
    },
    "vim:cmp-emoji": {
      "flake": false,
      "locked": {
        "lastModified": 1632834658,
        "narHash": "sha256-zc5GNkwdVHaeEoCer9tz40F2Xc8qTzPw6NbgkMjjWQI=",
        "owner": "hrsh7th",
        "repo": "cmp-emoji",
        "rev": "19075c36d5820253d32e2478b6aaf3734aeaafa0",
        "type": "github"
      },
      "original": {
        "owner": "hrsh7th",
        "repo": "cmp-emoji",
        "type": "github"
      }
    },
    "vim:cmp-git": {
      "flake": false,
      "locked": {
        "lastModified": 1677538148,
        "narHash": "sha256-pO6suqMdjKOoJtr3wiUYszheSUa5OFdYFlHY8ClSxR4=",
        "owner": "petertriho",
        "repo": "cmp-git",
        "rev": "a798a25b21e7204597f56029af2e8a17d65e2518",
        "type": "github"
      },
      "original": {
        "owner": "petertriho",
        "repo": "cmp-git",
        "type": "github"
      }
    },
    "vim:cmp-nvim-lsp": {
      "flake": false,
      "locked": {
        "lastModified": 1675708067,
        "narHash": "sha256-DxpcPTBlvVP88PDoTheLV2fC76EXDqS2UpM5mAfj/D4=",
        "owner": "hrsh7th",
        "repo": "cmp-nvim-lsp",
        "rev": "0e6b2ed705ddcff9738ec4ea838141654f12eeef",
        "type": "github"
      },
      "original": {
        "owner": "hrsh7th",
        "repo": "cmp-nvim-lsp",
        "type": "github"
      }
    },
    "vim:cmp-nvim-lsp-signature-help": {
      "flake": false,
      "locked": {
        "lastModified": 1675422985,
        "narHash": "sha256-yDxYvjTIeXIKYR3tg+bf+okXKr5JYc/I9obP+6uKey4=",
        "owner": "hrsh7th",
        "repo": "cmp-nvim-lsp-signature-help",
        "rev": "3d8912ebeb56e5ae08ef0906e3a54de1c66b92f1",
        "type": "github"
      },
      "original": {
        "owner": "hrsh7th",
        "repo": "cmp-nvim-lsp-signature-help",
        "type": "github"
      }
    },
    "vim:cmp-path": {
      "flake": false,
      "locked": {
        "lastModified": 1664784283,
        "narHash": "sha256-thppiiV3wjIaZnAXmsh7j3DUc6ceSCvGzviwFUnoPaI=",
        "owner": "hrsh7th",
        "repo": "cmp-path",
        "rev": "91ff86cd9c29299a64f968ebb45846c485725f23",
        "type": "github"
      },
      "original": {
        "owner": "hrsh7th",
        "repo": "cmp-path",
        "type": "github"
      }
    },
    "vim:cmp-vsnip": {
      "flake": false,
      "locked": {
        "lastModified": 1669100283,
        "narHash": "sha256-2mkN03noOr5vBvRbSb35xZKorSH+8savQNZtgM9+QcM=",
        "owner": "hrsh7th",
        "repo": "cmp-vsnip",
        "rev": "989a8a73c44e926199bfd05fa7a516d51f2d2752",
        "type": "github"
      },
      "original": {
        "owner": "hrsh7th",
        "repo": "cmp-vsnip",
        "type": "github"
      }
    },
    "vim:gitsigns.nvim": {
      "flake": false,
      "locked": {
        "lastModified": 1678101659,
        "narHash": "sha256-kRa1dO49Z1fYqaFvUmvHEnYXdYvVp5iEEswkuNl9yQA=",
        "owner": "lewis6991",
        "repo": "gitsigns.nvim",
        "rev": "b1f9cf7c5c5639c006c937fc1819e09f358210fc",
        "type": "github"
      },
      "original": {
        "owner": "lewis6991",
        "repo": "gitsigns.nvim",
        "type": "github"
      }
    },
    "vim:lsp-status.nvim": {
      "flake": false,
      "locked": {
        "lastModified": 1659485921,
        "narHash": "sha256-gmLeVnDyL8Zf5ZG92tP3mb/LAt438BxFtAi/Xax2zLI=",
        "owner": "nvim-lua",
        "repo": "lsp-status.nvim",
        "rev": "54f48eb5017632d81d0fd40112065f1d062d0629",
        "type": "github"
      },
      "original": {
        "owner": "nvim-lua",
        "repo": "lsp-status.nvim",
        "type": "github"
      }
    },
    "vim:lspkind-nvim": {
      "flake": false,
      "locked": {
        "lastModified": 1663824370,
        "narHash": "sha256-WwUQ+O2rIfD4yl0GFx70GsZc9nnhS7b2KWfNdaXCLmM=",
        "owner": "onsails",
        "repo": "lspkind-nvim",
        "rev": "c68b3a003483cf382428a43035079f78474cd11e",
        "type": "github"
      },
      "original": {
        "owner": "onsails",
        "repo": "lspkind-nvim",
        "type": "github"
      }
    },
    "vim:lspsaga.nvim": {
      "flake": false,
      "locked": {
        "lastModified": 1678361457,
        "narHash": "sha256-nrsMdfF43k0RavCq2hZ799HpY/40O0bi4kAM18dR+f4=",
        "owner": "glepnir",
        "repo": "lspsaga.nvim",
        "rev": "db6cdf51bf5ae45e4aa65760e597cf0d587c66ee",
        "type": "github"
      },
      "original": {
        "owner": "glepnir",
        "repo": "lspsaga.nvim",
        "type": "github"
      }
    },
    "vim:mini.nvim": {
      "flake": false,
      "locked": {
        "lastModified": 1678716938,
        "narHash": "sha256-cMzu/LwEpCE5nJueZoW74gKKh2MGXcRwj2aKzK9gO/4=",
        "owner": "echasnovski",
        "repo": "mini.nvim",
        "rev": "59d743370aa623ba2c5c1e48f3718058b13ec7b6",
        "type": "github"
      },
      "original": {
        "owner": "echasnovski",
        "repo": "mini.nvim",
        "type": "github"
      }
    },
    "vim:neodev.nvim": {
      "flake": false,
      "locked": {
        "lastModified": 1678687587,
        "narHash": "sha256-E0v7An4u8ng9LVWRLtXVs8aGkHQRi4nIvYW2poZXcG8=",
        "owner": "folke",
        "repo": "neodev.nvim",
        "rev": "abdc346ff59c414698de551f876bcf3f223ed224",
        "type": "github"
      },
      "original": {
        "owner": "folke",
        "repo": "neodev.nvim",
        "type": "github"
      }
    },
    "vim:null-ls.nvim": {
      "flake": false,
      "locked": {
        "lastModified": 1678641665,
        "narHash": "sha256-EsLtJxZoqRhx8dpWHF97DRaxRxqI2ZLznjJmLdAV/hY=",
        "owner": "jose-elias-alvarez",
        "repo": "null-ls.nvim",
        "rev": "09e99259f4cdd929e7fb5487bf9d92426ccf7cc1",
        "type": "github"
      },
      "original": {
        "owner": "jose-elias-alvarez",
        "repo": "null-ls.nvim",
        "type": "github"
      }
    },
    "vim:nvim-autopairs": {
      "flake": false,
      "locked": {
        "lastModified": 1678188177,
        "narHash": "sha256-ZVa5f5Evil6d60mWAca9txZyqOcKE6ZGygCggVOAKR8=",
        "owner": "windwp",
        "repo": "nvim-autopairs",
        "rev": "e755f366721bc9e189ddecd39554559045ac0a18",
        "type": "github"
      },
      "original": {
        "owner": "windwp",
        "repo": "nvim-autopairs",
        "type": "github"
      }
    },
    "vim:nvim-cmp": {
      "flake": false,
      "locked": {
        "lastModified": 1678024135,
        "narHash": "sha256-rAFEmCXbPoHo1nZ6YHGdKcbGCpKXgQeZ0aa7InmZo2c=",
        "owner": "hrsh7th",
        "repo": "nvim-cmp",
        "rev": "feed47fd1da7a1bad2c7dca456ea19c8a5a9823a",
        "type": "github"
      },
      "original": {
        "owner": "hrsh7th",
        "repo": "nvim-cmp",
        "type": "github"
      }
    },
    "vim:nvim-colorizer.lua": {
      "flake": false,
      "locked": {
        "lastModified": 1591879145,
        "narHash": "sha256-6YrnItxExL2C8pNIdLd+hXCjsB2MbZANwWkah6dreD8=",
        "owner": "norcalli",
        "repo": "nvim-colorizer.lua",
        "rev": "36c610a9717cc9ec426a07c8e6bf3b3abcb139d6",
        "type": "github"
      },
      "original": {
        "owner": "norcalli",
        "repo": "nvim-colorizer.lua",
        "type": "github"
      }
    },
    "vim:nvim-dap": {
      "flake": false,
      "locked": {
        "lastModified": 1678293765,
        "narHash": "sha256-qzrj+fCc2koKx572LGXtyABZHZ6OfXc9774bzg0h73Y=",
        "owner": "mfussenegger",
        "repo": "nvim-dap",
        "rev": "73196075627a4f079c62b0dd4aff8ce0a1b7cf57",
        "type": "github"
      },
      "original": {
        "owner": "mfussenegger",
        "repo": "nvim-dap",
        "type": "github"
      }
    },
    "vim:nvim-dap-go": {
      "flake": false,
      "locked": {
        "lastModified": 1675825542,
        "narHash": "sha256-qW+EGDX0VOAp+gLbwTJNvX9gJCKxRCMDI2z/J4gFHKE=",
        "owner": "leoluz",
        "repo": "nvim-dap-go",
        "rev": "b4ded7de579b4e2a85c203388233b54bf1028816",
        "type": "github"
      },
      "original": {
        "owner": "leoluz",
        "repo": "nvim-dap-go",
        "type": "github"
      }
    },
    "vim:nvim-dap-python": {
      "flake": false,
      "locked": {
        "lastModified": 1676644394,
        "narHash": "sha256-VIplMJ7VeJ2Bpl0q0kbJf1TMOw/ivkk+jn5hZ68+jao=",
        "owner": "mfussenegger",
        "repo": "nvim-dap-python",
        "rev": "65ccab83fb3d0b29ead6c765c1c52a1ed49592e8",
        "type": "github"
      },
      "original": {
        "owner": "mfussenegger",
        "repo": "nvim-dap-python",
        "type": "github"
      }
    },
    "vim:nvim-dap-ui": {
      "flake": false,
      "locked": {
        "lastModified": 1677143704,
        "narHash": "sha256-hFiIAS8DwUO+89UUi6HftoxV/zoAuImL99nbHCtrhdA=",
        "owner": "rcarriga",
        "repo": "nvim-dap-ui",
        "rev": "bdb94e3853d11b5ce98ec182e5a3719d5c0ef6fd",
        "type": "github"
      },
      "original": {
        "owner": "rcarriga",
        "repo": "nvim-dap-ui",
        "type": "github"
      }
    },
    "vim:nvim-dap-virtual-text": {
      "flake": false,
      "locked": {
        "lastModified": 1676453799,
        "narHash": "sha256-PaIwpCkevGIWwTOqGIj6t66tjGh+5ndroGfb77TWwxw=",
        "owner": "theHamsta",
        "repo": "nvim-dap-virtual-text",
        "rev": "8db23ea51203b5f00ad107a0cef7e0b2d7a0476c",
        "type": "github"
      },
      "original": {
        "owner": "theHamsta",
        "repo": "nvim-dap-virtual-text",
        "type": "github"
      }
    },
    "vim:nvim-lspconfig": {
      "flake": false,
      "locked": {
        "lastModified": 1678408019,
        "narHash": "sha256-2A/4IeUbZ7GdiSU1pMQfvbMGV9cjNFlSgJaHARwnAdw=",
        "owner": "neovim",
        "repo": "nvim-lspconfig",
        "rev": "4bb0f1845c5cc6465aecedc773fc2d619fcd8faf",
        "type": "github"
      },
      "original": {
        "owner": "neovim",
        "repo": "nvim-lspconfig",
        "type": "github"
      }
    },
    "vim:nvim-neoclip.lua": {
      "flake": false,
      "locked": {
        "lastModified": 1673910599,
        "narHash": "sha256-Yi/6mODdS2Ote5/zumzcUzkhDbQ3m9jUvxT+jZ/+UqA=",
        "owner": "AckslD",
        "repo": "nvim-neoclip.lua",
        "rev": "5b9286a40ea2020352280caeb713515badb03d99",
        "type": "github"
      },
      "original": {
        "owner": "AckslD",
        "repo": "nvim-neoclip.lua",
        "type": "github"
      }
    },
    "vim:nvim-ts-rainbow": {
      "flake": false,
      "locked": {
        "lastModified": 1672675794,
        "narHash": "sha256-4RQptdc3ktaj+Vw1Ykr6jD4q1JEsKNyBNUgUEdNDu1E=",
        "owner": "p00f",
        "repo": "nvim-ts-rainbow",
        "rev": "ef95c15a935f97c65a80e48e12fe72d49aacf9b9",
        "type": "github"
      },
      "original": {
        "owner": "p00f",
        "repo": "nvim-ts-rainbow",
        "type": "github"
      }
    },
    "vim:nvim-web-devicons": {
      "flake": false,
      "locked": {
        "lastModified": 1678711474,
        "narHash": "sha256-+qrIGQeAVhL3Py7IZfNgHHvZpRNUMdW/7LmSDoQeo9Y=",
        "owner": "kyazdani42",
        "repo": "nvim-web-devicons",
        "rev": "b8d0c99578dcb9d084a45ca4b3a4a502712c2741",
        "type": "github"
      },
      "original": {
        "owner": "kyazdani42",
        "repo": "nvim-web-devicons",
        "type": "github"
      }
    },
    "vim:octo.nvim": {
      "flake": false,
      "locked": {
        "lastModified": 1677684090,
        "narHash": "sha256-cMOVMSHyIJglqzj/OC4SKtu2UMLZxMp7xwl0UqkfhnA=",
        "owner": "pwntester",
        "repo": "octo.nvim",
        "rev": "ab5dbe20dc276348019676e5c3e97cb391e46b1b",
        "type": "github"
      },
      "original": {
        "owner": "pwntester",
        "repo": "octo.nvim",
        "type": "github"
      }
    },
    "vim:plenary.nvim": {
      "flake": false,
      "locked": {
        "lastModified": 1676797549,
        "narHash": "sha256-z5JHuQcF1EvySnRBywl6EOrp8aRO0nd2dnkXJg2ge58=",
        "owner": "nvim-lua",
        "repo": "plenary.nvim",
        "rev": "253d34830709d690f013daf2853a9d21ad7accab",
        "type": "github"
      },
      "original": {
        "owner": "nvim-lua",
        "repo": "plenary.nvim",
        "type": "github"
      }
    },
    "vim:rust-tools.nvim": {
      "flake": false,
      "locked": {
        "lastModified": 1676929960,
        "narHash": "sha256-Cuk/vdoviB9ibt2rrkNRmNFy4S+6czhbExmIjTJRdZM=",
        "owner": "simrat39",
        "repo": "rust-tools.nvim",
        "rev": "71d2cf67b5ed120a0e31b2c8adb210dd2834242f",
        "type": "github"
      },
      "original": {
        "owner": "simrat39",
        "repo": "rust-tools.nvim",
        "type": "github"
      }
    },
    "vim:schemastore.nvim": {
      "flake": false,
      "locked": {
        "lastModified": 1678607339,
        "narHash": "sha256-kF7h+LN2WJUIRtZV4wZbF+7NOVYFFBWVXMe6XPKu+1A=",
        "owner": "b0o",
        "repo": "schemastore.nvim",
        "rev": "1dc606bf07e1419d785e04d6dbb8585987d817cc",
        "type": "github"
      },
      "original": {
        "owner": "b0o",
        "repo": "schemastore.nvim",
        "type": "github"
      }
    },
    "vim:sqlite.lua": {
      "flake": false,
      "locked": {
        "lastModified": 1678179411,
        "narHash": "sha256-v/xCarT9Az/Oc6RdtR3wYWH+JXfLJgCFKPNnwDwFkSE=",
        "owner": "tami5",
        "repo": "sqlite.lua",
        "rev": "5162c8e2cc580f66ffe4bb4a7ae97a412596faba",
        "type": "github"
      },
      "original": {
        "owner": "tami5",
        "repo": "sqlite.lua",
        "type": "github"
      }
    },
    "vim:telescope-dap.nvim": {
      "flake": false,
      "locked": {
        "lastModified": 1669979517,
        "narHash": "sha256-9T7O02ieM/If07bSbGcJQFD8oWv2Pg5S+uv2BcardTY=",
        "owner": "nvim-telescope",
        "repo": "telescope-dap.nvim",
        "rev": "313d2ea12ae59a1ca51b62bf01fc941a983d9c9c",
        "type": "github"
      },
      "original": {
        "owner": "nvim-telescope",
        "repo": "telescope-dap.nvim",
        "type": "github"
      }
    },
    "vim:telescope-ui-select.nvim": {
      "flake": false,
      "locked": {
        "lastModified": 1651305900,
        "narHash": "sha256-/JM2KX70JXa3sydrUj13Vd4rRwhn3VrdW7qLLHqIqyY=",
        "owner": "nvim-telescope",
        "repo": "telescope-ui-select.nvim",
        "rev": "62ea5e58c7bbe191297b983a9e7e89420f581369",
        "type": "github"
      },
      "original": {
        "owner": "nvim-telescope",
        "repo": "telescope-ui-select.nvim",
        "type": "github"
      }
    },
    "vim:telescope.nvim": {
      "flake": false,
      "locked": {
        "lastModified": 1677414372,
        "narHash": "sha256-QmyVJ/LZFtb/qqD5Q5fHsqAGgqaOT9XkVoLyOcqM14w=",
        "owner": "nvim-telescope",
        "repo": "telescope.nvim",
        "rev": "a3f17d3baf70df58b9d3544ea30abe52a7a832c2",
        "type": "github"
      },
      "original": {
        "owner": "nvim-telescope",
        "repo": "telescope.nvim",
        "type": "github"
      }
    },
    "vim:todo-comments.nvim": {
      "flake": false,
      "locked": {
        "lastModified": 1678627908,
        "narHash": "sha256-/IVjGvXy6GbP80s95YNFqrGa+idKzbMqzrxlUo/Pu7Y=",
        "owner": "folke",
        "repo": "todo-comments.nvim",
        "rev": "6ccb0bebeb22dbe31940776a750db54b844ae653",
        "type": "github"
      },
      "original": {
        "owner": "folke",
        "repo": "todo-comments.nvim",
        "type": "github"
      }
    },
    "vim:tokyonight.nvim": {
      "flake": false,
      "locked": {
        "lastModified": 1678609596,
        "narHash": "sha256-JRONepZ2satsSBhE2zj0h13akYXWKSXIS2XxFMrwPFc=",
        "owner": "folke",
        "repo": "tokyonight.nvim",
        "rev": "27203d70747094527d13575ed08f6a714e7a43f8",
        "type": "github"
      },
      "original": {
        "owner": "folke",
        "repo": "tokyonight.nvim",
        "type": "github"
      }
    },
    "vim:trouble.nvim": {
      "flake": false,
      "locked": {
        "lastModified": 1677584608,
        "narHash": "sha256-5ZclnMkYOOD9l1zu5VF/WBV9po356PdTC7iX3EBC2mw=",
        "owner": "folke",
        "repo": "trouble.nvim",
        "rev": "67337644e38144b444d026b0df2dc5fa0038930f",
        "type": "github"
      },
      "original": {
        "owner": "folke",
        "repo": "trouble.nvim",
        "type": "github"
      }
    },
    "vim:vim-cooklang": {
      "flake": false,
      "locked": {
        "lastModified": 1635692584,
        "narHash": "sha256-3cppQJ4xo13kML8A0OQqV+p01Wxx3dV94ddjBAkFmp0=",
        "owner": "luizribeiro",
        "repo": "vim-cooklang",
        "rev": "861b7abd74f4606398bb3c7bc8d326f500e1340c",
        "type": "github"
      },
      "original": {
        "owner": "luizribeiro",
        "repo": "vim-cooklang",
        "type": "github"
      }
    },
    "vim:vim-plist": {
      "flake": false,
      "locked": {
        "lastModified": 1648474740,
        "narHash": "sha256-OIMXpX/3YXUsDsguY8/lyG5VXjTKB+k5XPfEFUSybng=",
        "owner": "darfink",
        "repo": "vim-plist",
        "rev": "60e69bec50dfca32f0a62ee2dacdfbe63fd92038",
        "type": "github"
      },
      "original": {
        "owner": "darfink",
        "repo": "vim-plist",
        "type": "github"
      }
    },
    "vim:vim-polyglot": {
      "flake": false,
      "locked": {
        "lastModified": 1665762010,
        "narHash": "sha256-w36n9Oeyac7zxp5sA0J+6A4f8PWtPLlYsmThKXdpNRg=",
        "owner": "sheerun",
        "repo": "vim-polyglot",
        "rev": "bc8a81d3592dab86334f27d1d43c080ebf680d42",
        "type": "github"
      },
      "original": {
        "owner": "sheerun",
        "repo": "vim-polyglot",
        "type": "github"
      }
    },
    "vim:vim-vsnip": {
      "flake": false,
      "locked": {
        "lastModified": 1678609126,
        "narHash": "sha256-ehPnvGle7YrECn76YlSY/2V7Zeq56JGlmZPlwgz2FdE=",
        "owner": "hrsh7th",
        "repo": "vim-vsnip",
        "rev": "7753ba9c10429c29d25abfd11b4c60b76718c438",
        "type": "github"
      },
      "original": {
        "owner": "hrsh7th",
        "repo": "vim-vsnip",
        "type": "github"
      }
    }
  },
  "root": "root",
  "version": 7
}
